
Microsoft Visual Studio Solution File, Format Version 12.00
# Visual Studio Version 17
VisualStudioVersion = 17.13.35919.96
MinimumVisualStudioVersion = 10.0.40219.1
Project("{FAE04EC0-301F-11D3-BF4B-00C04F79EFBC}") = "Project", "Project\Project.csproj", "{660CCC3A-A68F-4257-970C-CB790EAD73FF}"
EndProject
Project("{2150E333-8FDC-42A3-9474-1A3956D46DE8}") = "Элементы решения", "Элементы решения", "{754FC069-D67B-A9D7-50A1-8D1CA196D8F1}"
	ProjectSection(SolutionItems) = preProject
		.gitignoge = .gitignoge
		Dockerfile = Dockerfile
		render.yaml = render.yaml
	EndProjectSection
EndProject
Global
	GlobalSection(SolutionConfigurationPlatforms) = preSolution
		Debug|Any CPU = Debug|Any CPU
		Release|Any CPU = Release|Any CPU
	EndGlobalSection
	GlobalSection(ProjectConfigurationPlatforms) = postSolution
		{660CCC3A-A68F-4257-970C-CB790EAD73FF}.Debug|Any CPU.ActiveCfg = Debug|Any CPU
		{660CCC3A-A68F-4257-970C-CB790EAD73FF}.Debug|Any CPU.Build.0 = Debug|Any CPU
		{660CCC3A-A68F-4257-970C-CB790EAD73FF}.Release|Any CPU.ActiveCfg = Release|Any CPU
		{660CCC3A-A68F-4257-970C-CB790EAD73FF}.Release|Any CPU.Build.0 = Release|Any CPU
	EndGlobalSection
	GlobalSection(SolutionProperties) = preSolution
		HideSolutionNode = FALSE
	EndGlobalSection
	GlobalSection(ExtensibilityGlobals) = postSolution
		SolutionGuid = {C53B6251-C6AB-41F9-A592-A158FAB33807}
	EndGlobalSection
EndGlobal
